
Microsoft Visual Studio Solution File, Format Version 12.00
# Visual Studio Version 17
VisualStudioVersion = 17.0.31717.71
MinimumVisualStudioVersion = 10.0.40219.1
Project("{9A19103F-16F7-4668-BE54-9A1E7A4F7556}") = "SnapSecret.Domain", "src\SnapSecret.Domain\SnapSecret.Domain.csproj", "{A7C05387-B575-4119-BE6A-AAC813A125DE}"
EndProject
Project("{9A19103F-16F7-4668-BE54-9A1E7A4F7556}") = "SnapSecret.SecretsProviders", "src\SnapSecret.SecretsProviders\SnapSecret.SecretsProviders.csproj", "{908AA7EB-5837-4367-85D4-34A8851778C1}"
EndProject
Project("{9A19103F-16F7-4668-BE54-9A1E7A4F7556}") = "SnapSecret.Application", "src\SnapSecret.Application\SnapSecret.Application.csproj", "{1A041C7F-05D0-45C0-A72B-FFC97A037C68}"
EndProject
Project("{9A19103F-16F7-4668-BE54-9A1E7A4F7556}") = "SnapSecret.AzureFunctions", "src\SnapSecret.AzureFunctions\SnapSecret.AzureFunctions.csproj", "{B3C8C679-1E47-4F8A-91DC-26891732A464}"
EndProject
Project("{FAE04EC0-301F-11D3-BF4B-00C04F79EFBC}") = "SnapSecret.Infrastructure.Cli", "src\SnapSecret.Infrastructure.Cli\SnapSecret.Infrastructure.Cli.csproj", "{87318D1A-1842-484F-9FF9-D1861249EF64}"
EndProject
Global
	GlobalSection(SolutionConfigurationPlatforms) = preSolution
		Debug|Any CPU = Debug|Any CPU
		Debug|x64 = Debug|x64
		Debug|x86 = Debug|x86
		Release|Any CPU = Release|Any CPU
		Release|x64 = Release|x64
		Release|x86 = Release|x86
	EndGlobalSection
	GlobalSection(ProjectConfigurationPlatforms) = postSolution
		{A7C05387-B575-4119-BE6A-AAC813A125DE}.Debug|Any CPU.ActiveCfg = Debug|Any CPU
		{A7C05387-B575-4119-BE6A-AAC813A125DE}.Debug|Any CPU.Build.0 = Debug|Any CPU
		{A7C05387-B575-4119-BE6A-AAC813A125DE}.Debug|x64.ActiveCfg = Debug|Any CPU
		{A7C05387-B575-4119-BE6A-AAC813A125DE}.Debug|x64.Build.0 = Debug|Any CPU
		{A7C05387-B575-4119-BE6A-AAC813A125DE}.Debug|x86.ActiveCfg = Debug|Any CPU
		{A7C05387-B575-4119-BE6A-AAC813A125DE}.Debug|x86.Build.0 = Debug|Any CPU
		{A7C05387-B575-4119-BE6A-AAC813A125DE}.Release|Any CPU.ActiveCfg = Release|Any CPU
		{A7C05387-B575-4119-BE6A-AAC813A125DE}.Release|Any CPU.Build.0 = Release|Any CPU
		{A7C05387-B575-4119-BE6A-AAC813A125DE}.Release|x64.ActiveCfg = Release|Any CPU
		{A7C05387-B575-4119-BE6A-AAC813A125DE}.Release|x64.Build.0 = Release|Any CPU
		{A7C05387-B575-4119-BE6A-AAC813A125DE}.Release|x86.ActiveCfg = Release|Any CPU
		{A7C05387-B575-4119-BE6A-AAC813A125DE}.Release|x86.Build.0 = Release|Any CPU
		{908AA7EB-5837-4367-85D4-34A8851778C1}.Debug|Any CPU.ActiveCfg = Debug|Any CPU
		{908AA7EB-5837-4367-85D4-34A8851778C1}.Debug|Any CPU.Build.0 = Debug|Any CPU
		{908AA7EB-5837-4367-85D4-34A8851778C1}.Debug|x64.ActiveCfg = Debug|Any CPU
		{908AA7EB-5837-4367-85D4-34A8851778C1}.Debug|x64.Build.0 = Debug|Any CPU
		{908AA7EB-5837-4367-85D4-34A8851778C1}.Debug|x86.ActiveCfg = Debug|Any CPU
		{908AA7EB-5837-4367-85D4-34A8851778C1}.Debug|x86.Build.0 = Debug|Any CPU
		{908AA7EB-5837-4367-85D4-34A8851778C1}.Release|Any CPU.ActiveCfg = Release|Any CPU
		{908AA7EB-5837-4367-85D4-34A8851778C1}.Release|Any CPU.Build.0 = Release|Any CPU
		{908AA7EB-5837-4367-85D4-34A8851778C1}.Release|x64.ActiveCfg = Release|Any CPU
		{908AA7EB-5837-4367-85D4-34A8851778C1}.Release|x64.Build.0 = Release|Any CPU
		{908AA7EB-5837-4367-85D4-34A8851778C1}.Release|x86.ActiveCfg = Release|Any CPU
		{908AA7EB-5837-4367-85D4-34A8851778C1}.Release|x86.Build.0 = Release|Any CPU
		{1A041C7F-05D0-45C0-A72B-FFC97A037C68}.Debug|Any CPU.ActiveCfg = Debug|Any CPU
		{1A041C7F-05D0-45C0-A72B-FFC97A037C68}.Debug|Any CPU.Build.0 = Debug|Any CPU
		{1A041C7F-05D0-45C0-A72B-FFC97A037C68}.Debug|x64.ActiveCfg = Debug|Any CPU
		{1A041C7F-05D0-45C0-A72B-FFC97A037C68}.Debug|x64.Build.0 = Debug|Any CPU
		{1A041C7F-05D0-45C0-A72B-FFC97A037C68}.Debug|x86.ActiveCfg = Debug|Any CPU
		{1A041C7F-05D0-45C0-A72B-FFC97A037C68}.Debug|x86.Build.0 = Debug|Any CPU
		{1A041C7F-05D0-45C0-A72B-FFC97A037C68}.Release|Any CPU.ActiveCfg = Release|Any CPU
		{1A041C7F-05D0-45C0-A72B-FFC97A037C68}.Release|Any CPU.Build.0 = Release|Any CPU
		{1A041C7F-05D0-45C0-A72B-FFC97A037C68}.Release|x64.ActiveCfg = Release|Any CPU
		{1A041C7F-05D0-45C0-A72B-FFC97A037C68}.Release|x64.Build.0 = Release|Any CPU
		{1A041C7F-05D0-45C0-A72B-FFC97A037C68}.Release|x86.ActiveCfg = Release|Any CPU
		{1A041C7F-05D0-45C0-A72B-FFC97A037C68}.Release|x86.Build.0 = Release|Any CPU
		{B3C8C679-1E47-4F8A-91DC-26891732A464}.Debug|Any CPU.ActiveCfg = Debug|Any CPU
		{B3C8C679-1E47-4F8A-91DC-26891732A464}.Debug|Any CPU.Build.0 = Debug|Any CPU
		{B3C8C679-1E47-4F8A-91DC-26891732A464}.Debug|x64.ActiveCfg = Debug|Any CPU
		{B3C8C679-1E47-4F8A-91DC-26891732A464}.Debug|x64.Build.0 = Debug|Any CPU
		{B3C8C679-1E47-4F8A-91DC-26891732A464}.Debug|x86.ActiveCfg = Debug|Any CPU
		{B3C8C679-1E47-4F8A-91DC-26891732A464}.Debug|x86.Build.0 = Debug|Any CPU
		{B3C8C679-1E47-4F8A-91DC-26891732A464}.Release|Any CPU.ActiveCfg = Release|Any CPU
		{B3C8C679-1E47-4F8A-91DC-26891732A464}.Release|Any CPU.Build.0 = Release|Any CPU
		{B3C8C679-1E47-4F8A-91DC-26891732A464}.Release|x64.ActiveCfg = Release|Any CPU
		{B3C8C679-1E47-4F8A-91DC-26891732A464}.Release|x64.Build.0 = Release|Any CPU
		{B3C8C679-1E47-4F8A-91DC-26891732A464}.Release|x86.ActiveCfg = Release|Any CPU
		{B3C8C679-1E47-4F8A-91DC-26891732A464}.Release|x86.Build.0 = Release|Any CPU
		{87318D1A-1842-484F-9FF9-D1861249EF64}.Debug|Any CPU.ActiveCfg = Debug|Any CPU
		{87318D1A-1842-484F-9FF9-D1861249EF64}.Debug|Any CPU.Build.0 = Debug|Any CPU
		{87318D1A-1842-484F-9FF9-D1861249EF64}.Debug|x64.ActiveCfg = Debug|Any CPU
		{87318D1A-1842-484F-9FF9-D1861249EF64}.Debug|x64.Build.0 = Debug|Any CPU
		{87318D1A-1842-484F-9FF9-D1861249EF64}.Debug|x86.ActiveCfg = Debug|Any CPU
		{87318D1A-1842-484F-9FF9-D1861249EF64}.Debug|x86.Build.0 = Debug|Any CPU
		{87318D1A-1842-484F-9FF9-D1861249EF64}.Release|Any CPU.ActiveCfg = Release|Any CPU
		{87318D1A-1842-484F-9FF9-D1861249EF64}.Release|Any CPU.Build.0 = Release|Any CPU
		{87318D1A-1842-484F-9FF9-D1861249EF64}.Release|x64.ActiveCfg = Release|Any CPU
		{87318D1A-1842-484F-9FF9-D1861249EF64}.Release|x64.Build.0 = Release|Any CPU
		{87318D1A-1842-484F-9FF9-D1861249EF64}.Release|x86.ActiveCfg = Release|Any CPU
		{87318D1A-1842-484F-9FF9-D1861249EF64}.Release|x86.Build.0 = Release|Any CPU
	EndGlobalSection
	GlobalSection(SolutionProperties) = preSolution
		HideSolutionNode = FALSE
	EndGlobalSection
	GlobalSection(ExtensibilityGlobals) = postSolution
		SolutionGuid = {B93B643E-AD81-41B8-96BA-4F7253AE11B0}
	EndGlobalSection
EndGlobal
